
Microsoft Visual Studio Solution File, Format Version 12.00
# Visual Studio 15
VisualStudioVersion = 15.0.28307.1062
MinimumVisualStudioVersion = 10.0.40219.1
Project("{FAE04EC0-301F-11D3-BF4B-00C04F79EFBC}") = "ConfigManagerRest", "ConfigManagerRest\ConfigManagerRest.csproj", "{6ED1F52B-C7DF-4C78-BCB9-AA4AF734D4DB}"
EndProject
Global
	GlobalSection(SolutionConfigurationPlatforms) = preSolution
		Debug|Any CPU = Debug|Any CPU
		Release|Any CPU = Release|Any CPU
	EndGlobalSection
	GlobalSection(ProjectConfigurationPlatforms) = postSolution
		{6ED1F52B-C7DF-4C78-BCB9-AA4AF734D4DB}.Debug|Any CPU.ActiveCfg = Debug|Any CPU
		{6ED1F52B-C7DF-4C78-BCB9-AA4AF734D4DB}.Debug|Any CPU.Build.0 = Debug|Any CPU
		{6ED1F52B-C7DF-4C78-BCB9-AA4AF734D4DB}.Release|Any CPU.ActiveCfg = Release|Any CPU
		{6ED1F52B-C7DF-4C78-BCB9-AA4AF734D4DB}.Release|Any CPU.Build.0 = Release|Any CPU
	EndGlobalSection
	GlobalSection(SolutionProperties) = preSolution
		HideSolutionNode = FALSE
	EndGlobalSection
	GlobalSection(ExtensibilityGlobals) = postSolution
		SolutionGuid = {2CF9148A-ECC2-4CD7-B6BB-3300C857B754}
	EndGlobalSection
EndGlobal
